
Microsoft Visual Studio Solution File, Format Version 12.00
Project("{FAE04EC0-301F-11D3-BF4B-00C04F79EFBC}") = "ytdl-ui", "ytdl-ui\ytdl-ui.csproj", "{458234F2-6B15-4E4C-872D-0D3B23A9D92D}"
EndProject
Global
	GlobalSection(SolutionConfigurationPlatforms) = preSolution
		Debug|Any CPU = Debug|Any CPU
		Release|Any CPU = Release|Any CPU
	EndGlobalSection
	GlobalSection(ProjectConfigurationPlatforms) = postSolution
		{458234F2-6B15-4E4C-872D-0D3B23A9D92D}.Debug|Any CPU.ActiveCfg = Debug|Any CPU
		{458234F2-6B15-4E4C-872D-0D3B23A9D92D}.Debug|Any CPU.Build.0 = Debug|Any CPU
		{458234F2-6B15-4E4C-872D-0D3B23A9D92D}.Release|Any CPU.ActiveCfg = Release|Any CPU
		{458234F2-6B15-4E4C-872D-0D3B23A9D92D}.Release|Any CPU.Build.0 = Release|Any CPU
	EndGlobalSection
EndGlobal
